
Microsoft Visual Studio Solution File, Format Version 12.00
# Visual Studio Version 17
VisualStudioVersion = 17.7.34202.233
MinimumVisualStudioVersion = 10.0.40219.1
Project("{FAE04EC0-301F-11D3-BF4B-00C04F79EFBC}") = "Waaaaaaaaaaaaaaaaaaaaaaaaaaaadaaaaaaaaaaaaaaaaa", "Waaaaaaaaaaaaaaaaaaaaaaaaaaaadaaaaaaaaaaaaaaaaa\Waaaaaaaaaaaaaaaaaaaaaaaaaaaadaaaaaaaaaaaaaaaaa.csproj", "{7499BBDA-D627-4A0E-B61B-3C271FF76A53}"
EndProject
Global
	GlobalSection(SolutionConfigurationPlatforms) = preSolution
		Debug|Any CPU = Debug|Any CPU
		Release|Any CPU = Release|Any CPU
	EndGlobalSection
	GlobalSection(ProjectConfigurationPlatforms) = postSolution
		{7499BBDA-D627-4A0E-B61B-3C271FF76A53}.Debug|Any CPU.ActiveCfg = Debug|Any CPU
		{7499BBDA-D627-4A0E-B61B-3C271FF76A53}.Debug|Any CPU.Build.0 = Debug|Any CPU
		{7499BBDA-D627-4A0E-B61B-3C271FF76A53}.Release|Any CPU.ActiveCfg = Release|Any CPU
		{7499BBDA-D627-4A0E-B61B-3C271FF76A53}.Release|Any CPU.Build.0 = Release|Any CPU
	EndGlobalSection
	GlobalSection(SolutionProperties) = preSolution
		HideSolutionNode = FALSE
	EndGlobalSection
	GlobalSection(ExtensibilityGlobals) = postSolution
		SolutionGuid = {1EF304D2-4467-4493-AAE6-CCA44F885E7A}
	EndGlobalSection
EndGlobal
